{
    "_meta": {
        "hash": {
            "sha256": "333b5ce30cd313897e009478581f2c6a4ba144f0264fb223a323cc0e90a0bf25"
        },
        "pipfile-spec": 6,
        "requires": {},
        "sources": [
            {
                "name": "pypi",
                "url": "https://pypi.org/simple",
                "verify_ssl": true
            }
        ]
    },
    "default": {},
    "develop": {}
}
